
Microsoft Visual Studio Solution File, Format Version 12.00
# Visual Studio 15
VisualStudioVersion = 15.0.27004.2005
MinimumVisualStudioVersion = 10.0.40219.1
Project("{FAE04EC0-301F-11D3-BF4B-00C04F79EFBC}") = "HealthApp", "HealthApp\HealthApp.csproj", "{7D95E374-3131-4C7F-BAD7-CC14B43D02F6}"
EndProject
Project("{FAE04EC0-301F-11D3-BF4B-00C04F79EFBC}") = "BL", "BL\BL.csproj", "{242BC831-C307-46C4-8E6C-97E9860C6DD4}"
EndProject
Project("{FAE04EC0-301F-11D3-BF4B-00C04F79EFBC}") = "BE", "BE\BE.csproj", "{1C0564EC-1F48-4B31-ACB8-AB7D6A2F22AF}"
EndProject
Project("{FAE04EC0-301F-11D3-BF4B-00C04F79EFBC}") = "DAL", "DAL\DAL.csproj", "{35B992D5-B8F5-416A-B16F-0353BBF6E3D2}"
EndProject
Global
	GlobalSection(SolutionConfigurationPlatforms) = preSolution
		Debug|Any CPU = Debug|Any CPU
		Release|Any CPU = Release|Any CPU
	EndGlobalSection
	GlobalSection(ProjectConfigurationPlatforms) = postSolution
		{7D95E374-3131-4C7F-BAD7-CC14B43D02F6}.Debug|Any CPU.ActiveCfg = Debug|Any CPU
		{7D95E374-3131-4C7F-BAD7-CC14B43D02F6}.Debug|Any CPU.Build.0 = Debug|Any CPU
		{7D95E374-3131-4C7F-BAD7-CC14B43D02F6}.Release|Any CPU.ActiveCfg = Release|Any CPU
		{7D95E374-3131-4C7F-BAD7-CC14B43D02F6}.Release|Any CPU.Build.0 = Release|Any CPU
		{242BC831-C307-46C4-8E6C-97E9860C6DD4}.Debug|Any CPU.ActiveCfg = Debug|Any CPU
		{242BC831-C307-46C4-8E6C-97E9860C6DD4}.Debug|Any CPU.Build.0 = Debug|Any CPU
		{242BC831-C307-46C4-8E6C-97E9860C6DD4}.Release|Any CPU.ActiveCfg = Release|Any CPU
		{242BC831-C307-46C4-8E6C-97E9860C6DD4}.Release|Any CPU.Build.0 = Release|Any CPU
		{1C0564EC-1F48-4B31-ACB8-AB7D6A2F22AF}.Debug|Any CPU.ActiveCfg = Debug|Any CPU
		{1C0564EC-1F48-4B31-ACB8-AB7D6A2F22AF}.Debug|Any CPU.Build.0 = Debug|Any CPU
		{1C0564EC-1F48-4B31-ACB8-AB7D6A2F22AF}.Release|Any CPU.ActiveCfg = Release|Any CPU
		{1C0564EC-1F48-4B31-ACB8-AB7D6A2F22AF}.Release|Any CPU.Build.0 = Release|Any CPU
		{35B992D5-B8F5-416A-B16F-0353BBF6E3D2}.Debug|Any CPU.ActiveCfg = Debug|Any CPU
		{35B992D5-B8F5-416A-B16F-0353BBF6E3D2}.Debug|Any CPU.Build.0 = Debug|Any CPU
		{35B992D5-B8F5-416A-B16F-0353BBF6E3D2}.Release|Any CPU.ActiveCfg = Release|Any CPU
		{35B992D5-B8F5-416A-B16F-0353BBF6E3D2}.Release|Any CPU.Build.0 = Release|Any CPU
	EndGlobalSection
	GlobalSection(SolutionProperties) = preSolution
		HideSolutionNode = FALSE
	EndGlobalSection
	GlobalSection(ExtensibilityGlobals) = postSolution
		SolutionGuid = {E5A4998F-D0A5-44A3-B508-31EFBA75DBA9}
	EndGlobalSection
EndGlobal
